// !$*UTF8*$!
{
	archiveVersion = 1;
	classes = {
	};
	objectVersion = 56;
	objects = {

/* Begin PBXBuildFile section */
		3C2A326B2AF284FB005A06F9 /* AVPlayerExampleApp.swift in Sources */ = {isa = PBXBuildFile; fileRef = 3C2A326A2AF284FB005A06F9 /* AVPlayerExampleApp.swift */; };
		3C2A326D2AF284FB005A06F9 /* ContentView.swift in Sources */ = {isa = PBXBuildFile; fileRef = 3C2A326C2AF284FB005A06F9 /* ContentView.swift */; };
		3C2A326F2AF284FC005A06F9 /* Assets.xcassets in Resources */ = {isa = PBXBuildFile; fileRef = 3C2A326E2AF284FC005A06F9 /* Assets.xcassets */; };
		3C2A32722AF284FC005A06F9 /* Preview Assets.xcassets in Resources */ = {isa = PBXBuildFile; fileRef = 3C2A32712AF284FC005A06F9 /* Preview Assets.xcassets */; };
		3C5D68DB2B17885F003C427D /* AVPlayer+Swizzle.m in Sources */ = {isa = PBXBuildFile; fileRef = 3C5D68D92B17885F003C427D /* AVPlayer+Swizzle.m */; };
		3C5D68DC2B17885F003C427D /* AVPlayer+DidInitPlayerNotification.swift in Sources */ = {isa = PBXBuildFile; fileRef = 3C5D68DA2B17885F003C427D /* AVPlayer+DidInitPlayerNotification.swift */; };
		3C5D68DF2B178885003C427D /* Class+SwizzleSelector.m in Sources */ = {isa = PBXBuildFile; fileRef = 3C5D68DE2B178885003C427D /* Class+SwizzleSelector.m */; };
		3C80D3FC2B1648870043E526 /* AVPlayer+PeriodicTimePublisher.swift in Sources */ = {isa = PBXBuildFile; fileRef = 3C80D3FB2B1648870043E526 /* AVPlayer+PeriodicTimePublisher.swift */; };
		3C80D3FE2B164A750043E526 /* AirPlayButton.swift in Sources */ = {isa = PBXBuildFile; fileRef = 3C80D3FD2B164A750043E526 /* AirPlayButton.swift */; };
/* End PBXBuildFile section */

/* Begin PBXFileReference section */
		3C2A32672AF284FB005A06F9 /* AVPlayerExample.app */ = {isa = PBXFileReference; explicitFileType = wrapper.application; includeInIndex = 0; path = AVPlayerExample.app; sourceTree = BUILT_PRODUCTS_DIR; };
		3C2A326A2AF284FB005A06F9 /* AVPlayerExampleApp.swift */ = {isa = PBXFileReference; lastKnownFileType = sourcecode.swift; path = AVPlayerExampleApp.swift; sourceTree = "<group>"; };
		3C2A326C2AF284FB005A06F9 /* ContentView.swift */ = {isa = PBXFileReference; lastKnownFileType = sourcecode.swift; path = ContentView.swift; sourceTree = "<group>"; };
		3C2A326E2AF284FC005A06F9 /* Assets.xcassets */ = {isa = PBXFileReference; lastKnownFileType = folder.assetcatalog; path = Assets.xcassets; sourceTree = "<group>"; };
		3C2A32712AF284FC005A06F9 /* Preview Assets.xcassets */ = {isa = PBXFileReference; lastKnownFileType = folder.assetcatalog; path = "Preview Assets.xcassets"; sourceTree = "<group>"; };
		3C5D68D82B17885E003C427D /* AVPlayerExample-Bridging-Header.h */ = {isa = PBXFileReference; lastKnownFileType = sourcecode.c.h; path = "AVPlayerExample-Bridging-Header.h"; sourceTree = "<group>"; };
		3C5D68D92B17885F003C427D /* AVPlayer+Swizzle.m */ = {isa = PBXFileReference; fileEncoding = 4; lastKnownFileType = sourcecode.c.objc; path = "AVPlayer+Swizzle.m"; sourceTree = "<group>"; };
		3C5D68DA2B17885F003C427D /* AVPlayer+DidInitPlayerNotification.swift */ = {isa = PBXFileReference; fileEncoding = 4; lastKnownFileType = sourcecode.swift; path = "AVPlayer+DidInitPlayerNotification.swift"; sourceTree = "<group>"; };
		3C5D68DD2B178885003C427D /* Class+SwizzleSelector.h */ = {isa = PBXFileReference; fileEncoding = 4; lastKnownFileType = sourcecode.c.h; path = "Class+SwizzleSelector.h"; sourceTree = "<group>"; };
		3C5D68DE2B178885003C427D /* Class+SwizzleSelector.m */ = {isa = PBXFileReference; fileEncoding = 4; lastKnownFileType = sourcecode.c.objc; path = "Class+SwizzleSelector.m"; sourceTree = "<group>"; };
		3C80D3FB2B1648870043E526 /* AVPlayer+PeriodicTimePublisher.swift */ = {isa = PBXFileReference; fileEncoding = 4; lastKnownFileType = sourcecode.swift; path = "AVPlayer+PeriodicTimePublisher.swift"; sourceTree = "<group>"; };
		3C80D3FD2B164A750043E526 /* AirPlayButton.swift */ = {isa = PBXFileReference; lastKnownFileType = sourcecode.swift; path = AirPlayButton.swift; sourceTree = "<group>"; };
/* End PBXFileReference section */

/* Begin PBXFrameworksBuildPhase section */
		3C2A32642AF284FB005A06F9 /* Frameworks */ = {
			isa = PBXFrameworksBuildPhase;
			buildActionMask = 2147483647;
			files = (
			);
			runOnlyForDeploymentPostprocessing = 0;
		};
/* End PBXFrameworksBuildPhase section */

/* Begin PBXGroup section */
		3C2A325E2AF284FB005A06F9 = {
			isa = PBXGroup;
			children = (
				3C2A32692AF284FB005A06F9 /* AVPlayerExample */,
				3C2A32682AF284FB005A06F9 /* Products */,
			);
			sourceTree = "<group>";
		};
		3C2A32682AF284FB005A06F9 /* Products */ = {
			isa = PBXGroup;
			children = (
				3C2A32672AF284FB005A06F9 /* AVPlayerExample.app */,
			);
			name = Products;
			sourceTree = "<group>";
		};
		3C2A32692AF284FB005A06F9 /* AVPlayerExample */ = {
			isa = PBXGroup;
			children = (
				3C5D68D82B17885E003C427D /* AVPlayerExample-Bridging-Header.h */,
				3C80D3FD2B164A750043E526 /* AirPlayButton.swift */,
				3C80D3FB2B1648870043E526 /* AVPlayer+PeriodicTimePublisher.swift */,
				3C2A326A2AF284FB005A06F9 /* AVPlayerExampleApp.swift */,
				3C2A326C2AF284FB005A06F9 /* ContentView.swift */,
				3C2A326E2AF284FC005A06F9 /* Assets.xcassets */,
				3C2A32702AF284FC005A06F9 /* Preview Content */,
				3C5D68D22B178844003C427D /* Workaround */,
			);
			path = AVPlayerExample;
			sourceTree = "<group>";
		};
		3C2A32702AF284FC005A06F9 /* Preview Content */ = {
			isa = PBXGroup;
			children = (
				3C2A32712AF284FC005A06F9 /* Preview Assets.xcassets */,
			);
			path = "Preview Content";
			sourceTree = "<group>";
		};
		3C5D68D22B178844003C427D /* Workaround */ = {
			isa = PBXGroup;
			children = (
				3C5D68DA2B17885F003C427D /* AVPlayer+DidInitPlayerNotification.swift */,
				3C5D68D92B17885F003C427D /* AVPlayer+Swizzle.m */,
				3C5D68DD2B178885003C427D /* Class+SwizzleSelector.h */,
				3C5D68DE2B178885003C427D /* Class+SwizzleSelector.m */,
			);
			path = Workaround;
			sourceTree = "<group>";
		};
/* End PBXGroup section */

/* Begin PBXNativeTarget section */
		3C2A32662AF284FB005A06F9 /* AVPlayerExample */ = {
			isa = PBXNativeTarget;
			buildConfigurationList = 3C2A32752AF284FC005A06F9 /* Build configuration list for PBXNativeTarget "AVPlayerExample" */;
			buildPhases = (
				3C2A32632AF284FB005A06F9 /* Sources */,
				3C2A32642AF284FB005A06F9 /* Frameworks */,
				3C2A32652AF284FB005A06F9 /* Resources */,
			);
			buildRules = (
			);
			dependencies = (
			);
			name = AVPlayerExample;
			productName = AVPlayerExample;
			productReference = 3C2A32672AF284FB005A06F9 /* AVPlayerExample.app */;
			productType = "com.apple.product-type.application";
		};
/* End PBXNativeTarget section */

/* Begin PBXProject section */
		3C2A325F2AF284FB005A06F9 /* Project object */ = {
			isa = PBXProject;
			attributes = {
				BuildIndependentTargetsInParallel = 1;
				LastSwiftUpdateCheck = 1500;
				LastUpgradeCheck = 1500;
				TargetAttributes = {
					3C2A32662AF284FB005A06F9 = {
						CreatedOnToolsVersion = 15.0;
						LastSwiftMigration = 1500;
					};
				};
			};
			buildConfigurationList = 3C2A32622AF284FB005A06F9 /* Build configuration list for PBXProject "AVPlayerExample" */;
			compatibilityVersion = "Xcode 14.0";
			developmentRegion = en;
			hasScannedForEncodings = 0;
			knownRegions = (
				en,
				Base,
			);
			mainGroup = 3C2A325E2AF284FB005A06F9;
			productRefGroup = 3C2A32682AF284FB005A06F9 /* Products */;
			projectDirPath = "";
			projectRoot = "";
			targets = (
				3C2A32662AF284FB005A06F9 /* AVPlayerExample */,
			);
		};
/* End PBXProject section */

/* Begin PBXResourcesBuildPhase section */
		3C2A32652AF284FB005A06F9 /* Resources */ = {
			isa = PBXResourcesBuildPhase;
			buildActionMask = 2147483647;
			files = (
				3C2A32722AF284FC005A06F9 /* Preview Assets.xcassets in Resources */,
				3C2A326F2AF284FC005A06F9 /* Assets.xcassets in Resources */,
			);
			runOnlyForDeploymentPostprocessing = 0;
		};
/* End PBXResourcesBuildPhase section */

/* Begin PBXSourcesBuildPhase section */
		3C2A32632AF284FB005A06F9 /* Sources */ = {
			isa = PBXSourcesBuildPhase;
			buildActionMask = 2147483647;
			files = (
				3C80D3FE2B164A750043E526 /* AirPlayButton.swift in Sources */,
				3C2A326D2AF284FB005A06F9 /* ContentView.swift in Sources */,
				3C5D68DB2B17885F003C427D /* AVPlayer+Swizzle.m in Sources */,
				3C5D68DF2B178885003C427D /* Class+SwizzleSelector.m in Sources */,
				3C80D3FC2B1648870043E526 /* AVPlayer+PeriodicTimePublisher.swift in Sources */,
				3C5D68DC2B17885F003C427D /* AVPlayer+DidInitPlayerNotification.swift in Sources */,
				3C2A326B2AF284FB005A06F9 /* AVPlayerExampleApp.swift in Sources */,
			);
			runOnlyForDeploymentPostprocessing = 0;
		};
/* End PBXSourcesBuildPhase section */

/* Begin XCBuildConfiguration section */
		3C2A32732AF284FC005A06F9 /* Debug */ = {
			isa = XCBuildConfiguration;
			buildSettings = {
				ALWAYS_SEARCH_USER_PATHS = NO;
				ASSETCATALOG_COMPILER_GENERATE_SWIFT_ASSET_SYMBOL_EXTENSIONS = YES;
				CLANG_ANALYZER_NONNULL = YES;
				CLANG_ANALYZER_NUMBER_OBJECT_CONVERSION = YES_AGGRESSIVE;
				CLANG_CXX_LANGUAGE_STANDARD = "gnu++20";
				CLANG_ENABLE_MODULES = YES;
				CLANG_ENABLE_OBJC_ARC = YES;
				CLANG_ENABLE_OBJC_WEAK = YES;
				CLANG_WARN_BLOCK_CAPTURE_AUTORELEASING = YES;
				CLANG_WARN_BOOL_CONVERSION = YES;
				CLANG_WARN_COMMA = YES;
				CLANG_WARN_CONSTANT_CONVERSION = YES;
				CLANG_WARN_DEPRECATED_OBJC_IMPLEMENTATIONS = YES;
				CLANG_WARN_DIRECT_OBJC_ISA_USAGE = YES_ERROR;
				CLANG_WARN_DOCUMENTATION_COMMENTS = YES;
				CLANG_WARN_EMPTY_BODY = YES;
				CLANG_WARN_ENUM_CONVERSION = YES;
				CLANG_WARN_INFINITE_RECURSION = YES;
				CLANG_WARN_INT_CONVERSION = YES;
				CLANG_WARN_NON_LITERAL_NULL_CONVERSION = YES;
				CLANG_WARN_OBJC_IMPLICIT_RETAIN_SELF = YES;
				CLANG_WARN_OBJC_LITERAL_CONVERSION = YES;
				CLANG_WARN_OBJC_ROOT_CLASS = YES_ERROR;
				CLANG_WARN_QUOTED_INCLUDE_IN_FRAMEWORK_HEADER = YES;
				CLANG_WARN_RANGE_LOOP_ANALYSIS = YES;
				CLANG_WARN_STRICT_PROTOTYPES = YES;
				CLANG_WARN_SUSPICIOUS_MOVE = YES;
				CLANG_WARN_UNGUARDED_AVAILABILITY = YES_AGGRESSIVE;
				CLANG_WARN_UNREACHABLE_CODE = YES;
				CLANG_WARN__DUPLICATE_METHOD_MATCH = YES;
				COPY_PHASE_STRIP = NO;
				DEBUG_INFORMATION_FORMAT = dwarf;
				ENABLE_STRICT_OBJC_MSGSEND = YES;
				ENABLE_TESTABILITY = YES;
				ENABLE_USER_SCRIPT_SANDBOXING = YES;
				GCC_C_LANGUAGE_STANDARD = gnu17;
				GCC_DYNAMIC_NO_PIC = NO;
				GCC_NO_COMMON_BLOCKS = YES;
				GCC_OPTIMIZATION_LEVEL = 0;
				GCC_PREPROCESSOR_DEFINITIONS = (
					"DEBUG=1",
					"$(inherited)",
				);
				GCC_WARN_64_TO_32_BIT_CONVERSION = YES;
				GCC_WARN_ABOUT_RETURN_TYPE = YES_ERROR;
				GCC_WARN_UNDECLARED_SELECTOR = YES;
				GCC_WARN_UNINITIALIZED_AUTOS = YES_AGGRESSIVE;
				GCC_WARN_UNUSED_FUNCTION = YES;
				GCC_WARN_UNUSED_VARIABLE = YES;
				IPHONEOS_DEPLOYMENT_TARGET = 17.0;
				LOCALIZATION_PREFERS_STRING_CATALOGS = YES;
				MTL_ENABLE_DEBUG_INFO = INCLUDE_SOURCE;
				MTL_FAST_MATH = YES;
				ONLY_ACTIVE_ARCH = YES;
				SDKROOT = iphoneos;
				SWIFT_ACTIVE_COMPILATION_CONDITIONS = "DEBUG $(inherited)";
				SWIFT_OPTIMIZATION_LEVEL = "-Onone";
			};
			name = Debug;
		};
		3C2A32742AF284FC005A06F9 /* Release */ = {
			isa = XCBuildConfiguration;
			buildSettings = {
				ALWAYS_SEARCH_USER_PATHS = NO;
				ASSETCATALOG_COMPILER_GENERATE_SWIFT_ASSET_SYMBOL_EXTENSIONS = YES;
				CLANG_ANALYZER_NONNULL = YES;
				CLANG_ANALYZER_NUMBER_OBJECT_CONVERSION = YES_AGGRESSIVE;
				CLANG_CXX_LANGUAGE_STANDARD = "gnu++20";
				CLANG_ENABLE_MODULES = YES;
				CLANG_ENABLE_OBJC_ARC = YES;
				CLANG_ENABLE_OBJC_WEAK = YES;
				CLANG_WARN_BLOCK_CAPTURE_AUTORELEASING = YES;
				CLANG_WARN_BOOL_CONVERSION = YES;
				CLANG_WARN_COMMA = YES;
				CLANG_WARN_CONSTANT_CONVERSION = YES;
				CLANG_WARN_DEPRECATED_OBJC_IMPLEMENTATIONS = YES;
				CLANG_WARN_DIRECT_OBJC_ISA_USAGE = YES_ERROR;
				CLANG_WARN_DOCUMENTATION_COMMENTS = YES;
				CLANG_WARN_EMPTY_BODY = YES;
				CLANG_WARN_ENUM_CONVERSION = YES;
				CLANG_WARN_INFINITE_RECURSION = YES;
				CLANG_WARN_INT_CONVERSION = YES;
				CLANG_WARN_NON_LITERAL_NULL_CONVERSION = YES;
				CLANG_WARN_OBJC_IMPLICIT_RETAIN_SELF = YES;
				CLANG_WARN_OBJC_LITERAL_CONVERSION = YES;
				CLANG_WARN_OBJC_ROOT_CLASS = YES_ERROR;
				CLANG_WARN_QUOTED_INCLUDE_IN_FRAMEWORK_HEADER = YES;
				CLANG_WARN_RANGE_LOOP_ANALYSIS = YES;
				CLANG_WARN_STRICT_PROTOTYPES = YES;
				CLANG_WARN_SUSPICIOUS_MOVE = YES;
				CLANG_WARN_UNGUARDED_AVAILABILITY = YES_AGGRESSIVE;
				CLANG_WARN_UNREACHABLE_CODE = YES;
				CLANG_WARN__DUPLICATE_METHOD_MATCH = YES;
				COPY_PHASE_STRIP = NO;
				DEBUG_INFORMATION_FORMAT = "dwarf-with-dsym";
				ENABLE_NS_ASSERTIONS = NO;
				ENABLE_STRICT_OBJC_MSGSEND = YES;
				ENABLE_USER_SCRIPT_SANDBOXING = YES;
				GCC_C_LANGUAGE_STANDARD = gnu17;
				GCC_NO_COMMON_BLOCKS = YES;
				GCC_WARN_64_TO_32_BIT_CONVERSION = YES;
				GCC_WARN_ABOUT_RETURN_TYPE = YES_ERROR;
				GCC_WARN_UNDECLARED_SELECTOR = YES;
				GCC_WARN_UNINITIALIZED_AUTOS = YES_AGGRESSIVE;
				GCC_WARN_UNUSED_FUNCTION = YES;
				GCC_WARN_UNUSED_VARIABLE = YES;
				IPHONEOS_DEPLOYMENT_TARGET = 17.0;
				LOCALIZATION_PREFERS_STRING_CATALOGS = YES;
				MTL_ENABLE_DEBUG_INFO = NO;
				MTL_FAST_MATH = YES;
				SDKROOT = iphoneos;
				SWIFT_COMPILATION_MODE = wholemodule;
				VALIDATE_PRODUCT = YES;
			};
			name = Release;
		};
		3C2A32762AF284FC005A06F9 /* Debug */ = {
			isa = XCBuildConfiguration;
			buildSettings = {
				ASSETCATALOG_COMPILER_APPICON_NAME = AppIcon;
				ASSETCATALOG_COMPILER_GLOBAL_ACCENT_COLOR_NAME = AccentColor;
				CLANG_ENABLE_MODULES = YES;
				CODE_SIGN_STYLE = Automatic;
				CURRENT_PROJECT_VERSION = 1;
				DEVELOPMENT_ASSET_PATHS = "\"AVPlayerExample/Preview Content\"";
				DEVELOPMENT_TEAM = D7G545C465;
				ENABLE_PREVIEWS = YES;
				GENERATE_INFOPLIST_FILE = YES;
				INFOPLIST_KEY_UIApplicationSceneManifest_Generation = YES;
				INFOPLIST_KEY_UIApplicationSupportsIndirectInputEvents = YES;
				INFOPLIST_KEY_UILaunchScreen_Generation = YES;
				INFOPLIST_KEY_UISupportedInterfaceOrientations_iPad = "UIInterfaceOrientationPortrait UIInterfaceOrientationPortraitUpsideDown UIInterfaceOrientationLandscapeLeft UIInterfaceOrientationLandscapeRight";
				INFOPLIST_KEY_UISupportedInterfaceOrientations_iPhone = "UIInterfaceOrientationPortrait UIInterfaceOrientationLandscapeLeft UIInterfaceOrientationLandscapeRight";
				LD_RUNPATH_SEARCH_PATHS = (
					"$(inherited)",
					"@executable_path/Frameworks",
				);
				MARKETING_VERSION = 1.0;
				PRODUCT_BUNDLE_IDENTIFIER = JS.AVPlayerExample;
				PRODUCT_NAME = "$(TARGET_NAME)";
				SWIFT_EMIT_LOC_STRINGS = YES;
				SWIFT_OBJC_BRIDGING_HEADER = "AVPlayerExample/AVPlayerExample-Bridging-Header.h";
				SWIFT_OPTIMIZATION_LEVEL = "-Onone";
				SWIFT_VERSION = 5.0;
				TARGETED_DEVICE_FAMILY = "1,2";
			};
			name = Debug;
		};
		3C2A32772AF284FC005A06F9 /* Release */ = {
			isa = XCBuildConfiguration;
			buildSettings = {
				ASSETCATALOG_COMPILER_APPICON_NAME = AppIcon;
				ASSETCATALOG_COMPILER_GLOBAL_ACCENT_COLOR_NAME = AccentColor;
				CLANG_ENABLE_MODULES = YES;
				CODE_SIGN_STYLE = Automatic;
				CURRENT_PROJECT_VERSION = 1;
				DEVELOPMENT_ASSET_PATHS = "\"AVPlayerExample/Preview Content\"";
				DEVELOPMENT_TEAM = D7G545C465;
				ENABLE_PREVIEWS = YES;
				GENERATE_INFOPLIST_FILE = YES;
				INFOPLIST_KEY_UIApplicationSceneManifest_Generation = YES;
				INFOPLIST_KEY_UIApplicationSupportsIndirectInputEvents = YES;
				INFOPLIST_KEY_UILaunchScreen_Generation = YES;
				INFOPLIST_KEY_UISupportedInterfaceOrientations_iPad = "UIInterfaceOrientationPortrait UIInterfaceOrientationPortraitUpsideDown UIInterfaceOrientationLandscapeLeft UIInterfaceOrientationLandscapeRight";
				INFOPLIST_KEY_UISupportedInterfaceOrientations_iPhone = "UIInterfaceOrientationPortrait UIInterfaceOrientationLandscapeLeft UIInterfaceOrientationLandscapeRight";
				LD_RUNPATH_SEARCH_PATHS = (
					"$(inherited)",
					"@executable_path/Frameworks",
				);
				MARKETING_VERSION = 1.0;
				PRODUCT_BUNDLE_IDENTIFIER = JS.AVPlayerExample;
				PRODUCT_NAME = "$(TARGET_NAME)";
				SWIFT_EMIT_LOC_STRINGS = YES;
				SWIFT_OBJC_BRIDGING_HEADER = "AVPlayerExample/AVPlayerExample-Bridging-Header.h";
				SWIFT_VERSION = 5.0;
				TARGETED_DEVICE_FAMILY = "1,2";
			};
			name = Release;
		};
/* End XCBuildConfiguration section */

/* Begin XCConfigurationList section */
		3C2A32622AF284FB005A06F9 /* Build configuration list for PBXProject "AVPlayerExample" */ = {
			isa = XCConfigurationList;
			buildConfigurations = (
				3C2A32732AF284FC005A06F9 /* Debug */,
				3C2A32742AF284FC005A06F9 /* Release */,
			);
			defaultConfigurationIsVisible = 0;
			defaultConfigurationName = Release;
		};
		3C2A32752AF284FC005A06F9 /* Build configuration list for PBXNativeTarget "AVPlayerExample" */ = {
			isa = XCConfigurationList;
			buildConfigurations = (
				3C2A32762AF284FC005A06F9 /* Debug */,
				3C2A32772AF284FC005A06F9 /* Release */,
			);
			defaultConfigurationIsVisible = 0;
			defaultConfigurationName = Release;
		};
/* End XCConfigurationList section */
	};
	rootObject = 3C2A325F2AF284FB005A06F9 /* Project object */;
}
